github.com/BurntSushi/toml v0.3.1/go.mod h1:xHWCNGjB5oqiDr8zfno3MHue2Ht5sIBksp03qcyfWMU=
github.com/andybalholm/brotli v1.0.0/go.mod h1:loMXtMfwqflxFJPmdbJO0a3KNoPuLBgiu3qAvBg8x/Y=
github.com/andybalholm/brotli v1.0.1 h1:KqhlKozYbRtJvsPrrEeXcO+N2l6NYT5A2QAFmSULpEc=
github.com/andybalholm/brotli v1.0.1/go.mod h1:loMXtMfwqflxFJPmdbJO0a3KNoPuLBgiu3qAvBg8x/Y=
github.com/antoniodipinto/ikisocket v0.0.0-20210417133349-f1502512d69a h1:76llBleIE3fkdqaJFDzdirtiYhQPdIQem8H8r2iwA1Q=
github.com/antoniodipinto/ikisocket v0.0.0-20210417133349-f1502512d69a/go.mod h1:QvDfsDQDmGxUsvEeWabVZ5pp2FMXpOkwQV0L6SE6cp0=
github.com/aws/aws-sdk-go v1.34.28/go.mod h1:H7NKnBqNVzoTJpGfLrQkkD+ytBA93eiDYi/+8rV9s48=
github.com/davecgh/go-spew v1.1.0/go.mod h1:J7Y8YcW2NihsgmVo/mv3lAwl/skON4iLHjSsI+c5H38=
github.com/davecgh/go-spew v1.1.1 h1:vj9j/u1bqnvCEfJOwUhtlOARqs3+rkHYY13jYWTU97c=
github.com/davecgh/go-spew v1.1.1/go.mod h1:J7Y8YcW2NihsgmVo/mv3lAwl/skON4iLHjSsI+c5H38=
github.com/djherbis/atime v1.0.0 h1:ySLvBAM0EvOGaX7TI4dAM5lWj+RdJUCKtGSEHN8SGBg=
github.com/djherbis/atime v1.0.0/go.mod h1:5W+KBIuTwVGcqjIfaTwt+KSYX1o6uep8dtevevQP/f8=
github.com/fasthttp/websocket v1.4.2/go.mod h1:smsv/h4PBEBaU0XDTY5UwJTpZv69fQ0FfcLJr21mA6Y=
github.com/fasthttp/websocket v1.4.3-beta.1 h1:stc4P2aoxYKsdmbe1AJ5mAm73Fxc1NOgrZpPftvZIXQ=
github.com/fasthttp/websocket v1.4.3-beta.1/go.mod h1:JGrgLaT02bL9NuJkZbHN8mVV2tkCJZQh7yJ5/XCXO2g=
github.com/go-playground/assert/v2 v2.0.1 h1:MsBgLAaY856+nPRTKrp3/OZK38U/wa0CcBYNjji3q3A=
github.com/go-playground/assert/v2 v2.0.1/go.mod h1:VDjEfimB/XKnb+ZQfWdccd7VUvScMdVu0Titje2rxJ4=
github.com/go-playground/locales v0.13.0 h1:HyWk6mgj5qFqCT5fjGBuRArbVDfE4hi8+e8ceBS/t7Q=
github.com/go-playground/locales v0.13.0/go.mod h1:taPMhCMXrRLJO55olJkUXHZBHCxTMfnGwq/HNwmWNS8=
github.com/go-playground/universal-translator v0.17.0 h1:icxd5fm+REJzpZx7ZfpaD876Lmtgy7VtROAbHHXk8no=
github.com/go-playground/universal-translator v0.17.0/go.mod h1:UkSxE5sNxxRwHyU+Scu5vgOQjsIJAF8j9muTVoKLVtA=
github.com/go-playground/validator/v10 v10.5.0 h1:X9rflw/KmpACwT8zdrm1upefpvdy6ur8d1kWyq6sg3E=
github.com/go-playground/validator/v10 v10.5.0/go.mod h1:xm76BBt941f7yWdGnI2DVPFFg1UK3YY04qifoXU3lOk=
github.com/go-sql-driver/mysql v1.5.0/go.mod h1:DCzpHaOWr8IXmIStZouvnhqoel9Qv2LBy8hT2VhHyBg=
github.com/go-stack/stack v1.8.0/go.mod h1:v0f6uXyyMGvRgIKkXu+yp6POWl0qKG85gN/melR3HDY=
github.com/gobuffalo/attrs v0.0.0-20190224210810-a9411de4debd/go.mod h1:4duuawTqi2wkkpB4ePgWMaai6/Kc6WEz83bhFwpHzj0=
github.com/gobuffalo/depgen v0.0.0-20190329151759-d478694a28d3/go.mod h1:3STtPUQYuzV0gBVOY3vy6CfMm/ljR4pABfrTeHNLHUY=
github.com/gobuffalo/depgen v0.1.0/go.mod h1:+ifsuy7fhi15RWncXQQKjWS9JPkdah5sZvtHc2RXGlg=
github.com/gobuffalo/envy v1.6.15/go.mod h1:n7DRkBerg/aorDM8kbduw5dN3oXGswK5liaSCx4T5NI=
github.com/gobuffalo/envy v1.7.0/go.mod h1:n7DRkBerg/aorDM8kbduw5dN3oXGswK5liaSCx4T5NI=
github.com/gobuffalo/flect v0.1.0/go.mod h1:d2ehjJqGOH/Kjqcoz+F7jHTBbmDb38yXA598Hb50EGs=
github.com/gobuffalo/flect v0.1.1/go.mod h1:8JCgGVbRjJhVgD6399mQr4fx5rRfGKVzFjbj6RE/9UI=
github.com/gobuffalo/flect v0.1.3/go.mod h1:8JCgGVbRjJhVgD6399mQr4fx5rRfGKVzFjbj6RE/9UI=
github.com/gobuffalo/genny v0.0.0-20190329151137-27723ad26ef9/go.mod h1:rWs4Z12d1Zbf19rlsn0nurr75KqhYp52EAGGxTbBhNk=
github.com/gobuffalo/genny v0.0.0-20190403191548-3ca520ef0d9e/go.mod h1:80lIj3kVJWwOrXWWMRzzdhW3DsrdjILVil/SFKBzF28=
github.com/gobuffalo/genny v0.1.0/go.mod h1:XidbUqzak3lHdS//TPu2OgiFB+51Ur5f7CSnXZ/JDvo=
github.com/gobuffalo/genny v0.1.1/go.mod h1:5TExbEyY48pfunL4QSXxlDOmdsD44RRq4mVZ0Ex28Xk=
github.com/gobuffalo/gitgen v0.0.0-20190315122116-cc086187d211/go.mod h1:vEHJk/E9DmhejeLeNt7UVvlSGv3ziL+djtTr3yyzcOw=
github.com/gobuffalo/gogen v0.0.0-20190315121717-8f38393713f5/go.mod h1:V9QVDIxsgKNZs6L2IYiGR8datgMhB577vzTDqypH360=
github.com/gobuffalo/gogen v0.1.0/go.mod h1:8NTelM5qd8RZ15VjQTFkAW6qOMx5wBbW4dSCS3BY8gg=
github.com/gobuffalo/gogen v0.1.1/go.mod h1:y8iBtmHmGc4qa3urIyo1shvOD8JftTtfcKi+71xfDNE=
github.com/gobuffalo/logger v0.0.0-20190315122211-86e12af44bc2/go.mod h1:QdxcLw541hSGtBnhUc4gaNIXRjiDppFGaDqzbrBd3v8=
github.com/gobuffalo/mapi v1.0.1/go.mod h1:4VAGh89y6rVOvm5A8fKFxYG+wIW6LO1FMTG9hnKStFc=
github.com/gobuffalo/mapi v1.0.2/go.mod h1:4VAGh89y6rVOvm5A8fKFxYG+wIW6LO1FMTG9hnKStFc=
github.com/gobuffalo/packd v0.0.0-20190315124812-a385830c7fc0/go.mod h1:M2Juc+hhDXf/PnmBANFCqx4DM3wRbgDvnVWeG2RIxq4=
github.com/gobuffalo/packd v0.1.0/go.mod h1:M2Juc+hhDXf/PnmBANFCqx4DM3wRbgDvnVWeG2RIxq4=
github.com/gobuffalo/packr/v2 v2.0.9/go.mod h1:emmyGweYTm6Kdper+iywB6YK5YzuKchGtJQZ0Odn4pQ=
github.com/gobuffalo/packr/v2 v2.2.0/go.mod h1:CaAwI0GPIAv+5wKLtv8Afwl+Cm78K/I/VCm/3ptBN+0=
github.com/gobuffalo/syncx v0.0.0-20190224160051-33c29581e754/go.mod h1:HhnNqWY95UYwwW3uSASeV7vtgYkT2t16hJgV3AEPUpw=
github.com/gofiber/fiber/v2 v2.1.3/go.mod h1:MMiSv1HrDkN8Pv7NeVDYK+T/lwXOEKAvPBbLvJPCEfA=
github.com/gofiber/fiber/v2 v2.7.1/go.mod h1:f8BRRIMjMdRyt2qmJ/0Sea3j3rwwfufPrh9WNBRiVZ0=
github.com/gofiber/fiber/v2 v2.8.0 h1:BdWvZmg/WY/Vjtjm38aXOp1Lks1BhuyS2b7lSWSPAzk=
github.com/gofiber/fiber/v2 v2.8.0/go.mod h1:Ah3IJikrKNRepl/HuVawppS25X7FWohwfCSRn7kJG28=
github.com/gofiber/websocket/v2 v2.0.3 h1:nqPGHB4LQhxKX5KJUjayOd2xiiENieS/dn6TPfCL8uk=
github.com/gofiber/websocket/v2 v2.0.3/go.mod h1:/OTEImCxORKE5unw0dWqJYovid6vZF+wB1W0aaMKs2M=
github.com/golang/snappy v0.0.1/go.mod h1:/XxbfmMg8lxefKM7IXC3fBNl/7bRcc72aCRzEWrmP2Q=
github.com/google/go-cmp v0.5.2 h1:X2ev0eStA3AbceY54o37/0PQ/UWqKEiiO2dKL5OPaFM=
github.com/google/go-cmp v0.5.2/go.mod h1:v8dTdLbMG2kIc/vJvl+f65V22dbkXbowE6jgT/gNBxE=
github.com/google/gopacket v1.1.19 h1:ves8RnFZPGiFnTS0uPQStjwru6uO6h+nlr9j6fL7kF8=
github.com/google/gopacket v1.1.19/go.mod h1:iJ8V8n6KS+z2U1A8pUwu8bW5SyEMkXJB8Yo/Vo+TKTo=
github.com/google/martian v2.1.0+incompatible h1:/CP5g8u/VJHijgedC/Legn3BAbAaWPgecwXBIDzw5no=
github.com/google/martian v2.1.0+incompatible/go.mod h1:9I4somxYTbIHy5NJKHRl3wXiIaQGbYVAs8BPL6v8lEs=
github.com/gorilla/websocket v1.4.2 h1:+/TMaTYc4QFitKJxsQ7Yye35DkWvkdLcvGKqM+x0Ufc=
github.com/gorilla/websocket v1.4.2/go.mod h1:YR8l580nyteQvAITg2hZ9XVh4b55+EU/adAjf1fMHhE=
github.com/inconshreveable/mousetrap v1.0.0/go.mod h1:PxqpIevigyE2G7u3NXJIT2ANytuPF1OarO4DADm73n8=
github.com/jinzhu/inflection v1.0.0 h1:K317FqzuhWc8YvSVlFMCCUb36O/S9MCKRDI7QkRKD/E=
github.com/jinzhu/inflection v1.0.0/go.mod h1:h+uFLlag+Qp1Va5pdKtLDYj+kHp5pxUVkryuEj+Srlc=
github.com/jinzhu/now v1.1.1/go.mod h1:d3SSVoowX0Lcu0IBviAWJpolVfI5UJVZZ7cO71lE/z8=
github.com/jinzhu/now v1.1.2 h1:eVKgfIdy9b6zbWBMgFpfDPoAMifwSZagU9HmEU6zgiI=
github.com/jinzhu/now v1.1.2/go.mod h1:d3SSVoowX0Lcu0IBviAWJpolVfI5UJVZZ7cO71lE/z8=
github.com/jmespath/go-jmespath v0.4.0/go.mod h1:T8mJZnbsbmF+m6zOOFylbeCJqk5+pHWvzYPziyZiYoo=
github.com/jmespath/go-jmespath/internal/testify v1.5.1/go.mod h1:L3OGu8Wl2/fWfCI6z80xFu9LTZmf1ZRjMHUOPmWr69U=
github.com/joho/godotenv v1.3.0/go.mod h1:7hK45KPybAkOC6peb+G5yklZfMxEjkZhHbwpqxOKXbg=
github.com/karrick/godirwalk v1.8.0/go.mod h1:H5KPZjojv4lE+QYImBI8xVtrBRgYrIVsaRPx4tDPEn4=
github.com/karrick/godirwalk v1.10.3/go.mod h1:RoGL9dQei4vP9ilrpETWE8CLOZ1kiN0LhBygSwrAsHA=
github.com/klauspost/compress v1.8.2/go.mod h1:RyIbtBH6LamlWaDj8nUwkbUhJ87Yi3uG0guNDohfE1A=
github.com/klauspost/compress v1.9.5/go.mod h1:RyIbtBH6LamlWaDj8nUwkbUhJ87Yi3uG0guNDohfE1A=
github.com/klauspost/compress v1.10.7/go.mod h1:aoV0uJVorq1K+umq18yTdKaF57EivdYsUV+/s2qKfXs=
github.com/klauspost/compress v1.11.8/go.mod h1:aoV0uJVorq1K+umq18yTdKaF57EivdYsUV+/s2qKfXs=
github.com/klauspost/compress v1.11.13 h1:eSvu8Tmq6j2psUJqJrLcWH6K3w5Dwc+qipbaA6eVEN4=
github.com/klauspost/compress v1.11.13/go.mod h1:aoV0uJVorq1K+umq18yTdKaF57EivdYsUV+/s2qKfXs=
github.com/klauspost/cpuid v1.2.1/go.mod h1:Pj4uuM528wm8OyEC2QMXAi2YiTZ96dNQPGgoMS4s3ek=
github.com/konsorten/go-windows-terminal-sequences v1.0.1/go.mod h1:T0+1ngSBFLxvqU3pZ+m/2kptfBszLMUkC4ZK/EgS/cQ=
github.com/konsorten/go-windows-terminal-sequences v1.0.2/go.mod h1:T0+1ngSBFLxvqU3pZ+m/2kptfBszLMUkC4ZK/EgS/cQ=
github.com/kr/pretty v0.1.0/go.mod h1:dAy3ld7l9f0ibDNOQOHHMYYIIbhfbHSm3C4ZsoJORNo=
github.com/kr/pty v1.1.1/go.mod h1:pFQYn66WHrOpPYNljwOMqo10TkYh1fy3cYio2l3bCsQ=
github.com/kr/text v0.1.0/go.mod h1:4Jbv+DJW3UT/LiOwJeYQe1efqtUx/iVham/4vfdArNI=
github.com/leodido/go-urn v1.2.0/go.mod h1:+8+nEpDfqqsY+g338gtMEUOtuK+4dEMhiQEgxpxOKII=
github.com/leodido/go-urn v1.2.1 h1:BqpAaACuzVSgi/VLzGZIobT2z4v53pjosyNd9Yv6n/w=
github.com/leodido/go-urn v1.2.1/go.mod h1:zt4jvISO2HfUBqxjfIshjdMTYS56ZS/qv49ictyFfxY=
github.com/markbates/oncer v0.0.0-20181203154359-bf2de49a0be2/go.mod h1:Ld9puTsIW75CHf65OeIOkyKbteujpZVXDpWK6YGZbxE=
github.com/markbates/safe v1.0.1/go.mod h1:nAqgmRi7cY2nqMc92/bSEeQA+R4OheNU2T1kNSCBdG0=
github.com/mattn/go-sqlite3 v1.14.5 h1:1IdxlwTNazvbKJQSxoJ5/9ECbEeaTTyeU7sEAZ5KKTQ=
github.com/mattn/go-sqlite3 v1.14.5/go.mod h1:WVKg1VTActs4Qso6iwGbiFih2UIHo0ENGwNd0Lj+XmI=
github.com/montanaflynn/stats v0.0.0-20171201202039-1bf9dbcd8cbe/go.mod h1:wL8QJuTMNUDYhXwkmfOly8iTdp5TEcJFWZD2D7SIkUc=
github.com/orcaman/concurrent-map v0.0.0-20210106121528-16402b402231 h1:fa50YL1pzKW+1SsBnJDOHppJN9stOEwS+CRWyUtyYGU=
github.com/orcaman/concurrent-map v0.0.0-20210106121528-16402b402231/go.mod h1:Lu3tH6HLW3feq74c2GC+jIMS/K2CFcDWnWD9XkenwhI=
github.com/patrickmn/go-cache v2.1.0+incompatible h1:HRMgzkcYKYpi3C8ajMPV8OFXaaRUnok+kx1WdO15EQc=
github.com/patrickmn/go-cache v2.1.0+incompatible/go.mod h1:3Qf8kWWT7OJRJbdiICTKqZju1ZixQ/KpMGzzAfe6+WQ=
github.com/pelletier/go-toml v1.7.0/go.mod h1:vwGMzjaWMwyfHwgIBhI2YUM4fB6nL6lVAvS1LBMMhTE=
github.com/pkg/errors v0.8.0/go.mod h1:bwawxfHBFNV+L2hUp1rHADufV3IMtnDRdf1r5NINEl0=
github.com/pkg/errors v0.8.1/go.mod h1:bwawxfHBFNV+L2hUp1rHADufV3IMtnDRdf1r5NINEl0=
github.com/pkg/errors v0.9.1/go.mod h1:bwawxfHBFNV+L2hUp1rHADufV3IMtnDRdf1r5NINEl0=
github.com/pmezard/go-difflib v1.0.0 h1:4DBwDE0NGyQoBHbLQYPwSUPoCMWR5BEzIk/f1lZbAQM=
github.com/pmezard/go-difflib v1.0.0/go.mod h1:iKH77koFhYxTK1pcRnkKkqfTogsbg7gZNVY4sRDYZ/4=
github.com/rogpeppe/go-internal v1.1.0/go.mod h1:M8bDsm7K2OlrFYOpmOWEs/qY81heoFRclV5y23lUDJ4=
github.com/rogpeppe/go-internal v1.2.2/go.mod h1:M8bDsm7K2OlrFYOpmOWEs/qY81heoFRclV5y23lUDJ4=
github.com/rogpeppe/go-internal v1.3.0/go.mod h1:M8bDsm7K2OlrFYOpmOWEs/qY81heoFRclV5y23lUDJ4=
github.com/savsgio/gotils v0.0.0-20200117113501-90175b0fbe3f/go.mod h1:lHhJedqxCoHN+zMtwGNTXWmF0u9Jt363FYRhV6g0CdY=
github.com/savsgio/gotils v0.0.0-20200616100644-13ff1fd2c28c h1:KKqhycXW1WVNkX7r4ekTV2gFkbhdyihlWD8c0/FiWmk=
github.com/savsgio/gotils v0.0.0-20200616100644-13ff1fd2c28c/go.mod h1:TWNAOTaVzGOXq8RbEvHnhzA/A2sLZzgn0m6URjnukY8=
github.com/sirupsen/logrus v1.4.0/go.mod h1:LxeOpSwHxABJmUn/MG1IvRgCAasNZTLOkJPxbbu5VWo=
github.com/sirupsen/logrus v1.4.1/go.mod h1:ni0Sbl8bgC9z8RoU9G6nDWqqs/fq4eDPysMBDgk/93Q=
github.com/sirupsen/logrus v1.4.2/go.mod h1:tLMulIdttU9McNUspp0xgXVQah82FyeX6MwdIuYE2rE=
github.com/spf13/cobra v0.0.3/go.mod h1:1l0Ry5zgKvJasoi3XT1TypsSe7PqH0Sj9dhYf7v3XqQ=
github.com/spf13/pflag v1.0.3/go.mod h1:DYY7MBk1bdzusC3SYhjObp+wFpr4gzcvqqNjLnInEg4=
github.com/stretchr/objx v0.1.0/go.mod h1:HFkY916IF+rwdDfMAkV7OtwuqBVzrE8GR6GFx+wExME=
github.com/stretchr/objx v0.1.1/go.mod h1:HFkY916IF+rwdDfMAkV7OtwuqBVzrE8GR6GFx+wExME=
github.com/stretchr/objx v0.2.0 h1:Hbg2NidpLE8veEBkEZTL3CvlkUIVzuU9jDplZO54c48=
github.com/stretchr/objx v0.2.0/go.mod h1:qt09Ya8vawLte6SNmTgCsAVtYtaKzEcn8ATUoHMkEqE=
github.com/stretchr/testify v1.2.2/go.mod h1:a8OnRcib4nhh0OaRAV+Yts87kKdq0PP7pXfy6kDkUVs=
github.com/stretchr/testify v1.3.0/go.mod h1:M5WIy9Dh21IEIfnGCwXGc5bZfKNJtfHm1UVUgZn+9EI=
github.com/stretchr/testify v1.4.0/go.mod h1:j7eGeouHqKxXV5pUuKE4zz7dFj8WfuZ+81PSLYec5m4=
github.com/stretchr/testify v1.6.1/go.mod h1:6Fq8oRcR53rry900zMqJjRRixrwX3KX962/h/Wwjteg=
github.com/stretchr/testify v1.7.0 h1:nwc3DEeHmmLAfoZucVR881uASk0Mfjw8xYJ99tb5CcY=
github.com/stretchr/testify v1.7.0/go.mod h1:6Fq8oRcR53rry900zMqJjRRixrwX3KX962/h/Wwjteg=
github.com/tidwall/pretty v1.0.0/go.mod h1:XNkn88O1ChpSDQmQeStsy+sBenx6DDtFZJxhVysOjyk=
github.com/valyala/bytebufferpool v1.0.0 h1:GqA5TC/0021Y/b9FG4Oi9Mr3q7XYx6KllzawFIhcdPw=
github.com/valyala/bytebufferpool v1.0.0/go.mod h1:6bBcMArwyJ5K/AmCkWv1jt77kVWyCJ6HpOuEn7z0Csc=
github.com/valyala/fasthttp v1.9.0/go.mod h1:FstJa9V+Pj9vQ7OJie2qMHdwemEDaDiSdBnvPM1Su9w=
github.com/valyala/fasthttp v1.15.1/go.mod h1:YOKImeEosDdBPnxc0gy7INqi3m1zK6A+xl6TwOBhHCA=
github.com/valyala/fasthttp v1.16.0/go.mod h1:YOKImeEosDdBPnxc0gy7INqi3m1zK6A+xl6TwOBhHCA=
github.com/valyala/fasthttp v1.18.0/go.mod h1:jjraHZVbKOXftJfsOYoAjaeygpj5hr8ermTRJNroD7A=
github.com/valyala/fasthttp v1.23.0 h1:0ufwSD9BhWa6f8HWdmdq4FHQ23peRo3Ng/Qs8m5NcFs=
github.com/valyala/fasthttp v1.23.0/go.mod h1:0mw2RjXGOzxf4NL2jni3gUQ7LfjjUSiG5sskOUUSEpU=
github.com/valyala/tcplisten v0.0.0-20161114210144-ceec8f93295a h1:0R4NLDRDZX6JcmhJgXi5E4b8Wg84ihbmUKp/GvSPEzc=
github.com/valyala/tcplisten v0.0.0-20161114210144-ceec8f93295a/go.mod h1:v3UYOV9WzVtRmSR+PDvWpU/qWl4Wa5LApYYX4ZtKbio=
github.com/xdg-go/pbkdf2 v1.0.0/go.mod h1:jrpuAogTd400dnrH08LKmI/xc1MbPOebTwRqcT5RDeI=
github.com/xdg-go/scram v1.0.2/go.mod h1:1WAq6h33pAW+iRreB34OORO2Nf7qel3VV3fjBj+hCSs=
github.com/xdg-go/stringprep v1.0.2/go.mod h1:8F9zXuvzgwmyT5DUm4GUfZGDdT3W+LCvS6+da4O5kxM=
github.com/youmark/pkcs8 v0.0.0-20181117223130-1be2e3e5546d/go.mod h1:rHwXgn7JulP+udvsHwJoVG1YGAP6VLg4y9I5dyZdqmA=
go.mongodb.org/mongo-driver v1.5.1 h1:9nOVLGDfOaZ9R0tBumx/BcuqkbFpyTCU2r/Po7A2azI=
go.mongodb.org/mongo-driver v1.5.1/go.mod h1:gRXCHX4Jo7J0IJ1oDQyUxF7jfy19UfxniMS4xxMmUqw=
golang.org/x/crypto v0.0.0-20180904163835-0709b304e793/go.mod h1:6SG95UA2DQfeDnfUPMdvaQW0Q7yPrPDi9nlGo2tz2b4=
golang.org/x/crypto v0.0.0-20190308221718-c2843e01d9a2/go.mod h1:djNgcEr1/C05ACkg1iLfiJU5Ep61QUkGW8qpdssI0+w=
golang.org/x/crypto v0.0.0-20190422162423-af44ce270edf/go.mod h1:WFFai1msRO1wXaEeE5yQxYXgSfI8pQAWXbQop6sCtWE=
golang.org/x/crypto v0.0.0-20191011191535-87dc89f01550/go.mod h1:yigFU9vqHzYiE8UmvKecakEJjdnWj3jj499lnFckfCI=
golang.org/x/crypto v0.0.0-20200302210943-78000ba7a073/go.mod h1:LzIPMQfyMNhhGPhUkYOs5KpL4U8rLKemX1yGLhDgUto=
golang.org/x/crypto v0.0.0-20200622213623-75b288015ac9/go.mod h1:LzIPMQfyMNhhGPhUkYOs5KpL4U8rLKemX1yGLhDgUto=
golang.org/x/crypto v0.0.0-20210220033148-5ea612d1eb83 h1:/ZScEX8SfEmUGRHs0gxpqteO5nfNW6axyZbBdw9A12g=
golang.org/x/crypto v0.0.0-20210220033148-5ea612d1eb83/go.mod h1:jdWPYTVW3xRLrWPugEBEK3UY2ZEsg3UU495nc5E+M+I=
golang.org/x/lint v0.0.0-20200302205851-738671d3881b/go.mod h1:3xt1FjdF8hUf6vQPIChWIBhFzV8gjjsPE/fR3IyQdNY=
golang.org/x/mod v0.1.1-0.20191105210325-c90efee705ee/go.mod h1:QqPTAvyqsEbceGzBzNggFXnrqF1CaUcvgkdR5Ot7KZg=
golang.org/x/net v0.0.0-20190311183353-d8887717615a/go.mod h1:t9HGtf8HONx5eT2rtn7q6eTqICYqUVnKs3thJo3Qplg=
golang.org/x/net v0.0.0-20190404232315-eb5bcb51f2a3/go.mod h1:t9HGtf8HONx5eT2rtn7q6eTqICYqUVnKs3thJo3Qplg=
golang.org/x/net v0.0.0-20190620200207-3b0461eec859/go.mod h1:z5CRVTTTmAJ677TzLLGU+0bjPO0LkuOLi4/5GtJWs/s=
golang.org/x/net v0.0.0-20190827160401-ba9fcec4b297/go.mod h1:z5CRVTTTmAJ677TzLLGU+0bjPO0LkuOLi4/5GtJWs/s=
golang.org/x/net v0.0.0-20200202094626-16171245cfb2/go.mod h1:z5CRVTTTmAJ677TzLLGU+0bjPO0LkuOLi4/5GtJWs/s=
golang.org/x/net v0.0.0-20200602114024-627f9648deb9/go.mod h1:qpuaurCH72eLCgpAm/N6yyVIVM9cpaDIP3A8BGJEC5A=
golang.org/x/net v0.0.0-20201016165138-7b1cca2348c0/go.mod h1:sp8m0HH+o8qH0wwXwYZr8TS3Oi6o0r6Gce1SSxlDquU=
golang.org/x/net v0.0.0-20210226101413-39120d07d75e/go.mod h1:m0MpNAwzfU5UDzcl9v0D8zg8gWTRqZa9RBIspLL5mdg=
golang.org/x/net v0.0.0-20210421230115-4e50805a0758 h1:aEpZnXcAmXkd6AvLb2OPt+EN1Zu/8Ne3pCqPjja5PXY=
golang.org/x/net v0.0.0-20210421230115-4e50805a0758/go.mod h1:72T/g9IO56b78aLF+1Kcs5dz7/ng1VjMUvfKvpfy+jM=
golang.org/x/sync v0.0.0-20190227155943-e225da77a7e6/go.mod h1:RxMgew5VJxzue5/jJTE5uejpjVlOe/izrB70Jof72aM=
golang.org/x/sync v0.0.0-20190412183630-56d357773e84/go.mod h1:RxMgew5VJxzue5/jJTE5uejpjVlOe/izrB70Jof72aM=
golang.org/x/sync v0.0.0-20190423024810-112230192c58/go.mod h1:RxMgew5VJxzue5/jJTE5uejpjVlOe/izrB70Jof72aM=
golang.org/x/sync v0.0.0-20190911185100-cd5d95a43a6e/go.mod h1:RxMgew5VJxzue5/jJTE5uejpjVlOe/izrB70Jof72aM=
golang.org/x/sys v0.0.0-20180905080454-ebe1bf3edb33/go.mod h1:STP8DvDyc/dI5b8T5hshtkjS+E42TnysNCUPdjciGhY=
golang.org/x/sys v0.0.0-20190215142949-d0b11bdaac8a/go.mod h1:STP8DvDyc/dI5b8T5hshtkjS+E42TnysNCUPdjciGhY=
golang.org/x/sys v0.0.0-20190403152447-81d4e9dc473e/go.mod h1:h1NjWce9XRLGQEsW7wpKNCjG9DtNlClVuFLEZdDNbEs=
golang.org/x/sys v0.0.0-20190412213103-97732733099d/go.mod h1:h1NjWce9XRLGQEsW7wpKNCjG9DtNlClVuFLEZdDNbEs=
golang.org/x/sys v0.0.0-20190419153524-e8e3143a4f4a/go.mod h1:h1NjWce9XRLGQEsW7wpKNCjG9DtNlClVuFLEZdDNbEs=
golang.org/x/sys v0.0.0-20190422165155-953cdadca894/go.mod h1:h1NjWce9XRLGQEsW7wpKNCjG9DtNlClVuFLEZdDNbEs=
golang.org/x/sys v0.0.0-20190531175056-4c3a928424d2/go.mod h1:h1NjWce9XRLGQEsW7wpKNCjG9DtNlClVuFLEZdDNbEs=
golang.org/x/sys v0.0.0-20191026070338-33540a1f6037/go.mod h1:h1NjWce9XRLGQEsW7wpKNCjG9DtNlClVuFLEZdDNbEs=
golang.org/x/sys v0.0.0-20200323222414-85ca7c5b95cd/go.mod h1:h1NjWce9XRLGQEsW7wpKNCjG9DtNlClVuFLEZdDNbEs=
golang.org/x/sys v0.0.0-20200602225109-6fdc65e7d980/go.mod h1:h1NjWce9XRLGQEsW7wpKNCjG9DtNlClVuFLEZdDNbEs=
golang.org/x/sys v0.0.0-20200930185726-fdedc70b468f/go.mod h1:h1NjWce9XRLGQEsW7wpKNCjG9DtNlClVuFLEZdDNbEs=
golang.org/x/sys v0.0.0-20201101102859-da207088b7d1/go.mod h1:h1NjWce9XRLGQEsW7wpKNCjG9DtNlClVuFLEZdDNbEs=
golang.org/x/sys v0.0.0-20201119102817-f84b799fce68/go.mod h1:h1NjWce9XRLGQEsW7wpKNCjG9DtNlClVuFLEZdDNbEs=
golang.org/x/sys v0.0.0-20201210223839-7e3030f88018/go.mod h1:h1NjWce9XRLGQEsW7wpKNCjG9DtNlClVuFLEZdDNbEs=
golang.org/x/sys v0.0.0-20210225134936-a50acf3fe073/go.mod h1:h1NjWce9XRLGQEsW7wpKNCjG9DtNlClVuFLEZdDNbEs=
golang.org/x/sys v0.0.0-20210420072515-93ed5bcd2bfe h1:WdX7u8s3yOigWAhHEaDl8r9G+4XwFQEQFtBMYyN+kXQ=
golang.org/x/sys v0.0.0-20210420072515-93ed5bcd2bfe/go.mod h1:h1NjWce9XRLGQEsW7wpKNCjG9DtNlClVuFLEZdDNbEs=
golang.org/x/term v0.0.0-20201117132131-f5c789dd3221/go.mod h1:Nr5EML6q2oocZ2LXRh80K7BxOlk5/8JxuGnuhpl+muw=
golang.org/x/term v0.0.0-20201126162022-7de9c90e9dd1/go.mod h1:bj7SfCRtBDWHUb9snDiAeCFNEtKQo2Wmx5Cou7ajbmo=
golang.org/x/text v0.3.0/go.mod h1:NqM8EUOU14njkJ3fqMW+pc6Ldnwhi/IjpwHt7yyuwOQ=
golang.org/x/text v0.3.2/go.mod h1:bEr9sfX3Q8Zfm5fL9x+3itogRgK3+ptLWKqgva+5dAk=
golang.org/x/text v0.3.3/go.mod h1:5Zoc/QRtKVWzQhOtBMvqHzDpF6irO9z98xDceosuGiQ=
golang.org/x/text v0.3.5/go.mod h1:5Zoc/QRtKVWzQhOtBMvqHzDpF6irO9z98xDceosuGiQ=
golang.org/x/text v0.3.6 h1:aRYxNxv6iGQlyVaZmk6ZgYEDa+Jg18DxebPSrd6bg1M=
golang.org/x/text v0.3.6/go.mod h1:5Zoc/QRtKVWzQhOtBMvqHzDpF6irO9z98xDceosuGiQ=
golang.org/x/tools v0.0.0-20180917221912-90fa682c2a6e/go.mod h1:n7NCudcB/nEzxVGmLbDWY5pfWTLqBcC2KZ6jyYvM4mQ=
golang.org/x/tools v0.0.0-20190329151228-23e29df326fe/go.mod h1:LCzVGOaR6xXOjkQ3onu1FJEFr0SW1gC7cKk1uF8kGRs=
golang.org/x/tools v0.0.0-20190416151739-9c9e1878f421/go.mod h1:LCzVGOaR6xXOjkQ3onu1FJEFr0SW1gC7cKk1uF8kGRs=
golang.org/x/tools v0.0.0-20190420181800-aa740d480789/go.mod h1:LCzVGOaR6xXOjkQ3onu1FJEFr0SW1gC7cKk1uF8kGRs=
golang.org/x/tools v0.0.0-20190531172133-b3315ee88b7d/go.mod h1:/rFqwRUd4F7ZHNgwSSTFct+R/Kf4OFW1sUzUTQQTgfc=
golang.org/x/tools v0.0.0-20200130002326-2f3ba24bd6e7/go.mod h1:TB2adYChydJhpapKDTa4BR/hXlZSLoq2Wpct/0txZ28=
golang.org/x/xerrors v0.0.0-20191011141410-1b5146add898/go.mod h1:I/5z698sn9Ka8TeJc9MKroUUfqBBauWjQqLJ2OPfmY0=
golang.org/x/xerrors v0.0.0-20191204190536-9bdfabe68543/go.mod h1:I/5z698sn9Ka8TeJc9MKroUUfqBBauWjQqLJ2OPfmY0=
gopkg.in/check.v1 v0.0.0-20161208181325-20d25e280405/go.mod h1:Co6ibVJAznAaIkqp8huTwlJQCZ016jof/cbN4VW5Yz0=
gopkg.in/check.v1 v1.0.0-20180628173108-788fd7840127/go.mod h1:Co6ibVJAznAaIkqp8huTwlJQCZ016jof/cbN4VW5Yz0=
gopkg.in/errgo.v2 v2.1.0/go.mod h1:hNsd1EY+bozCKY1Ytp96fpM3vjJbqLJn88ws8XvfDNI=
gopkg.in/yaml.v2 v2.2.2/go.mod h1:hI93XBmqTisBFMUTm0b8Fm+jr3Dg1NNxqwp+5A1VGuI=
gopkg.in/yaml.v2 v2.2.8/go.mod h1:hI93XBmqTisBFMUTm0b8Fm+jr3Dg1NNxqwp+5A1VGuI=
gopkg.in/yaml.v3 v3.0.0-20200313102051-9f266ea9e77c h1:dUUwHk2QECo/6vqA44rthZ8ie2QXMNeKRTHCNY2nXvo=
gopkg.in/yaml.v3 v3.0.0-20200313102051-9f266ea9e77c/go.mod h1:K4uyk7z7BCEPqu6E+C64Yfv1cQ7kz7rIZviUmN+EgEM=
gorm.io/driver/sqlite v1.1.4 h1:PDzwYE+sI6De2+mxAneV9Xs11+ZyKV6oxD3wDGkaNvM=
gorm.io/driver/sqlite v1.1.4/go.mod h1:mJCeTFr7+crvS+TRnWc5Z3UvwxUN1BGBLMrf5LA9DYw=
gorm.io/gorm v1.20.7/go.mod h1:0HFTzE/SqkGTzK6TlDPPQbAYCluiVvhzoA1+aVyzenw=
gorm.io/gorm v1.21.8 h1:2CEwZSzogdhsKPlJ9OvBKTdlWIpELXb6HbfLfMNhSYI=
gorm.io/gorm v1.21.8/go.mod h1:F+OptMscr0P2F2qU97WT1WimdH9GaQPoDW7AYd5i2Y0=
